{
  "name": "worker",
  "requires": true,
  "lockfileVersion": 1,
  "dependencies": {
    "@cloudflare/kv-asset-handler": {
      "version": "0.0.10",
      "resolved": "https://registry.npmjs.org/@cloudflare/kv-asset-handler/-/kv-asset-handler-0.0.10.tgz",
      "integrity": "sha512-PjxCUTb5tWixX54Igv6CFHmV2eJpwqTmaj0vQBMqWA2fsvoKaDHJJo1o0Hdy8Y3RAuBE/ka9cZe6rE0F/hN1eg==",
      "requires": {
        "@types/mime": "^2.0.1",
        "mime": "^2.4.4"
      }
    },
    "@cloudflare/workers-types": {
      "version": "1.0.9",
      "resolved": "https://registry.npmjs.org/@cloudflare/workers-types/-/workers-types-1.0.9.tgz",
      "integrity": "sha512-x6aA5FRK0fR0pC/mkDq0nG6WNkf3aVu6vLRfA7FoMtajbvWKN9JBveI/HhbjpMOIRWfNnGd2rw6WH7NAv4XesA==",
      "dev": true
    },
    "@types/mime": {
      "version": "2.0.2",
      "resolved": "https://registry.npmjs.org/@types/mime/-/mime-2.0.2.tgz",
      "integrity": "sha512-4kPlzbljFcsttWEq6aBW0OZe6BDajAmyvr2xknBG92tejQnvdGtT9+kXSZ580DqpxY9qG2xeQVF9Dq0ymUTo5Q=="
    },
    "btoa": {
      "version": "1.2.1",
      "resolved": "https://registry.npmjs.org/btoa/-/btoa-1.2.1.tgz",
      "integrity": "sha512-SB4/MIGlsiVkMcHmT+pSmIPoNDoHg+7cMzmt3Uxt628MTz2487DKSqK/fuhFBrkuqrYv5UCEnACpF4dTFNKc/g=="
    },
    "mime": {
      "version": "2.4.5",
      "resolved": "https://registry.npmjs.org/mime/-/mime-2.4.5.tgz",
      "integrity": "sha512-3hQhEUF027BuxZjQA3s7rIv/7VCQPa27hN9u9g87sEkWaKwQPuXOkVKtOeiyUrnWqTDiOs8Ed2rwg733mB0R5w=="
    }
  }
}
